
Microsoft Visual Studio Solution File, Format Version 12.00
# Visual Studio Version 17
VisualStudioVersion = 17.5.33627.172
MinimumVisualStudioVersion = 10.0.40219.1
Project("{FAE04EC0-301F-11D3-BF4B-00C04F79EFBC}") = "ByteBank_ADM", "ByteBank_ADM\ByteBank_ADM.csproj", "{E03A1EC0-B4FF-4060-A540-30AC6F2C1709}"
EndProject
Global
	GlobalSection(SolutionConfigurationPlatforms) = preSolution
		Debug|Any CPU = Debug|Any CPU
		Release|Any CPU = Release|Any CPU
	EndGlobalSection
	GlobalSection(ProjectConfigurationPlatforms) = postSolution
		{E03A1EC0-B4FF-4060-A540-30AC6F2C1709}.Debug|Any CPU.ActiveCfg = Debug|Any CPU
		{E03A1EC0-B4FF-4060-A540-30AC6F2C1709}.Debug|Any CPU.Build.0 = Debug|Any CPU
		{E03A1EC0-B4FF-4060-A540-30AC6F2C1709}.Release|Any CPU.ActiveCfg = Release|Any CPU
		{E03A1EC0-B4FF-4060-A540-30AC6F2C1709}.Release|Any CPU.Build.0 = Release|Any CPU
	EndGlobalSection
	GlobalSection(SolutionProperties) = preSolution
		HideSolutionNode = FALSE
	EndGlobalSection
	GlobalSection(ExtensibilityGlobals) = postSolution
		SolutionGuid = {2560C37A-A87A-458D-87DD-F03D743E8BB5}
	EndGlobalSection
EndGlobal
